
Microsoft Visual Studio Solution File, Format Version 12.00
# Visual Studio Version 17
VisualStudioVersion = 17.4.33213.308
MinimumVisualStudioVersion = 10.0.40219.1
Project("{FAE04EC0-301F-11D3-BF4B-00C04F79EFBC}") = "Car Unit Test", "Car Unit Test\Car Unit Test.csproj", "{506C314A-6964-4802-AE1E-3A9847B5BD6E}"
EndProject
Project("{FAE04EC0-301F-11D3-BF4B-00C04F79EFBC}") = "Car Unit TestTests1", "Car Unit TestTests1\Car Unit TestTests1.csproj", "{682FD8D6-26DB-4378-9D8A-5E5F3B2BC13D}"
EndProject
Global
	GlobalSection(SolutionConfigurationPlatforms) = preSolution
		Debug|Any CPU = Debug|Any CPU
		Release|Any CPU = Release|Any CPU
	EndGlobalSection
	GlobalSection(ProjectConfigurationPlatforms) = postSolution
		{506C314A-6964-4802-AE1E-3A9847B5BD6E}.Debug|Any CPU.ActiveCfg = Debug|Any CPU
		{506C314A-6964-4802-AE1E-3A9847B5BD6E}.Debug|Any CPU.Build.0 = Debug|Any CPU
		{506C314A-6964-4802-AE1E-3A9847B5BD6E}.Release|Any CPU.ActiveCfg = Release|Any CPU
		{506C314A-6964-4802-AE1E-3A9847B5BD6E}.Release|Any CPU.Build.0 = Release|Any CPU
		{682FD8D6-26DB-4378-9D8A-5E5F3B2BC13D}.Debug|Any CPU.ActiveCfg = Debug|Any CPU
		{682FD8D6-26DB-4378-9D8A-5E5F3B2BC13D}.Debug|Any CPU.Build.0 = Debug|Any CPU
		{682FD8D6-26DB-4378-9D8A-5E5F3B2BC13D}.Release|Any CPU.ActiveCfg = Release|Any CPU
		{682FD8D6-26DB-4378-9D8A-5E5F3B2BC13D}.Release|Any CPU.Build.0 = Release|Any CPU
	EndGlobalSection
	GlobalSection(SolutionProperties) = preSolution
		HideSolutionNode = FALSE
	EndGlobalSection
	GlobalSection(ExtensibilityGlobals) = postSolution
		SolutionGuid = {D5B2CD42-7A08-4CA0-AECF-13F0887E500C}
	EndGlobalSection
EndGlobal
